
Microsoft Visual Studio Solution File, Format Version 12.00
# Visual Studio Version 16
VisualStudioVersion = 16.0.31424.327
MinimumVisualStudioVersion = 10.0.40219.1
Project("{FAE04EC0-301F-11D3-BF4B-00C04F79EFBC}") = "BackLightRTC5", "BackLightRTC5.csproj", "{5242EFB7-62F9-453A-AE61-5D7FDF128127}"
EndProject
Global
	GlobalSection(SolutionConfigurationPlatforms) = preSolution
		Debug|Any CPU = Debug|Any CPU
		Debug|x64 = Debug|x64
		Release|Any CPU = Release|Any CPU
		Release|x64 = Release|x64
	EndGlobalSection
	GlobalSection(ProjectConfigurationPlatforms) = postSolution
		{5242EFB7-62F9-453A-AE61-5D7FDF128127}.Debug|Any CPU.ActiveCfg = Debug|Any CPU
		{5242EFB7-62F9-453A-AE61-5D7FDF128127}.Debug|Any CPU.Build.0 = Debug|Any CPU
		{5242EFB7-62F9-453A-AE61-5D7FDF128127}.Debug|x64.ActiveCfg = Debug|x64
		{5242EFB7-62F9-453A-AE61-5D7FDF128127}.Debug|x64.Build.0 = Debug|x64
		{5242EFB7-62F9-453A-AE61-5D7FDF128127}.Release|Any CPU.ActiveCfg = Release|Any CPU
		{5242EFB7-62F9-453A-AE61-5D7FDF128127}.Release|Any CPU.Build.0 = Release|Any CPU
		{5242EFB7-62F9-453A-AE61-5D7FDF128127}.Release|x64.ActiveCfg = Release|x64
		{5242EFB7-62F9-453A-AE61-5D7FDF128127}.Release|x64.Build.0 = Release|x64
	EndGlobalSection
	GlobalSection(SolutionProperties) = preSolution
		HideSolutionNode = FALSE
	EndGlobalSection
	GlobalSection(ExtensibilityGlobals) = postSolution
		SolutionGuid = {C6770770-E4AD-46F4-B172-45D1CE6F57A3}
	EndGlobalSection
EndGlobal
